
Microsoft Visual Studio Solution File, Format Version 12.00
# Visual Studio Version 17
VisualStudioVersion = 17.5.002.0
MinimumVisualStudioVersion = 10.0.40219.1
Project("{9A19103F-16F7-4668-BE54-9A1E7A4F7556}") = "NSIE", "NSIE.csproj", "{233F526C-2E37-4D36-A240-991710F5A8F9}"
EndProject
Global
	GlobalSection(SolutionConfigurationPlatforms) = preSolution
		Debug|Any CPU = Debug|Any CPU
		Release|Any CPU = Release|Any CPU
	EndGlobalSection
	GlobalSection(ProjectConfigurationPlatforms) = postSolution
		{233F526C-2E37-4D36-A240-991710F5A8F9}.Debug|Any CPU.ActiveCfg = Debug|Any CPU
		{233F526C-2E37-4D36-A240-991710F5A8F9}.Debug|Any CPU.Build.0 = Debug|Any CPU
		{233F526C-2E37-4D36-A240-991710F5A8F9}.Release|Any CPU.ActiveCfg = Release|Any CPU
		{233F526C-2E37-4D36-A240-991710F5A8F9}.Release|Any CPU.Build.0 = Release|Any CPU
	EndGlobalSection
	GlobalSection(SolutionProperties) = preSolution
		HideSolutionNode = FALSE
	EndGlobalSection
	GlobalSection(ExtensibilityGlobals) = postSolution
		SolutionGuid = {36020B62-A0B2-4C55-BB07-813918AF3FE8}
	EndGlobalSection
EndGlobal
